// !$*UTF8*$!
{
	archiveVersion = 1;
	classes = {
	};
	objectVersion = 46;
	objects = {

/* Begin PBXBuildFile section */
		2653832E1E68102E003E7D07 /* AppDelegate.swift in Sources */ = {isa = PBXBuildFile; fileRef = 2653832D1E68102E003E7D07 /* AppDelegate.swift */; };
		265383351E68102E003E7D07 /* Assets.xcassets in Resources */ = {isa = PBXBuildFile; fileRef = 265383341E68102E003E7D07 /* Assets.xcassets */; };
		265383721E681073003E7D07 /* DatePickerDialog.swift in Sources */ = {isa = PBXBuildFile; fileRef = 265383411E681073003E7D07 /* DatePickerDialog.swift */; };
		265383731E681073003E7D07 /* GradientView.swift in Sources */ = {isa = PBXBuildFile; fileRef = 265383421E681073003E7D07 /* GradientView.swift */; };
		265383741E681073003E7D07 /* KMPlaceholderTextView.swift in Sources */ = {isa = PBXBuildFile; fileRef = 265383431E681073003E7D07 /* KMPlaceholderTextView.swift */; };
		265383751E681073003E7D07 /* knAnalogClockView.swift in Sources */ = {isa = PBXBuildFile; fileRef = 265383441E681073003E7D07 /* knAnalogClockView.swift */; };
		265383761E681073003E7D07 /* knAnimationScrollView.swift in Sources */ = {isa = PBXBuildFile; fileRef = 265383451E681073003E7D07 /* knAnimationScrollView.swift */; };
		265383771E681073003E7D07 /* knBarButtonNumber.swift in Sources */ = {isa = PBXBuildFile; fileRef = 265383461E681073003E7D07 /* knBarButtonNumber.swift */; };
		265383781E681073003E7D07 /* knButton.swift in Sources */ = {isa = PBXBuildFile; fileRef = 265383471E681073003E7D07 /* knButton.swift */; };
		265383791E681073003E7D07 /* knCircleCharacterView.swift in Sources */ = {isa = PBXBuildFile; fileRef = 265383481E681073003E7D07 /* knCircleCharacterView.swift */; };
		2653837A1E681073003E7D07 /* knCircleProcessView.swift in Sources */ = {isa = PBXBuildFile; fileRef = 265383491E681073003E7D07 /* knCircleProcessView.swift */; };
		2653837B1E681073003E7D07 /* knCodeView.swift in Sources */ = {isa = PBXBuildFile; fileRef = 2653834A1E681073003E7D07 /* knCodeView.swift */; };
		2653837C1E681073003E7D07 /* knContactPicker.swift in Sources */ = {isa = PBXBuildFile; fileRef = 2653834B1E681073003E7D07 /* knContactPicker.swift */; };
		2653837D1E681073003E7D07 /* knDotLoadingIndicator.swift in Sources */ = {isa = PBXBuildFile; fileRef = 2653834C1E681073003E7D07 /* knDotLoadingIndicator.swift */; };
		2653837E1E681073003E7D07 /* knDraggableViewCollection.swift in Sources */ = {isa = PBXBuildFile; fileRef = 2653834D1E681073003E7D07 /* knDraggableViewCollection.swift */; };
		2653837F1E681073003E7D07 /* knExpandTextField.swift in Sources */ = {isa = PBXBuildFile; fileRef = 2653834E1E681073003E7D07 /* knExpandTextField.swift */; };
		265383801E681073003E7D07 /* knImageSlideShow.swift in Sources */ = {isa = PBXBuildFile; fileRef = 2653834F1E681073003E7D07 /* knImageSlideShow.swift */; };
		265383811E681073003E7D07 /* knPageViewController.swift in Sources */ = {isa = PBXBuildFile; fileRef = 265383501E681073003E7D07 /* knPageViewController.swift */; };
		265383821E681073003E7D07 /* knRippleAnimationView.swift in Sources */ = {isa = PBXBuildFile; fileRef = 265383511E681073003E7D07 /* knRippleAnimationView.swift */; };
		265383831E681073003E7D07 /* knScrollView.swift in Sources */ = {isa = PBXBuildFile; fileRef = 265383521E681073003E7D07 /* knScrollView.swift */; };
		265383841E681073003E7D07 /* knShimmerView.swift in Sources */ = {isa = PBXBuildFile; fileRef = 265383531E681073003E7D07 /* knShimmerView.swift */; };
		265383851E681073003E7D07 /* knStretchingHeaderTableView.swift in Sources */ = {isa = PBXBuildFile; fileRef = 265383541E681073003E7D07 /* knStretchingHeaderTableView.swift */; };
		265383861E681073003E7D07 /* knTagView.swift in Sources */ = {isa = PBXBuildFile; fileRef = 265383551E681073003E7D07 /* knTagView.swift */; };
		265383871E681073003E7D07 /* knTransparentTextField.swift in Sources */ = {isa = PBXBuildFile; fileRef = 265383561E681073003E7D07 /* knTransparentTextField.swift */; };
		265383881E681073003E7D07 /* knTwoCollumnsCollectionViewLayout.swift in Sources */ = {isa = PBXBuildFile; fileRef = 265383571E681073003E7D07 /* knTwoCollumnsCollectionViewLayout.swift */; };
		265383891E681073003E7D07 /* knUnderlineTextField.swift in Sources */ = {isa = PBXBuildFile; fileRef = 265383581E681073003E7D07 /* knUnderlineTextField.swift */; };
		2653838A1E681073003E7D07 /* knViewBase.swift in Sources */ = {isa = PBXBuildFile; fileRef = 265383591E681073003E7D07 /* knViewBase.swift */; };
		2653838B1E681073003E7D07 /* kStackThreeView.swift in Sources */ = {isa = PBXBuildFile; fileRef = 2653835A1E681073003E7D07 /* kStackThreeView.swift */; };
		2653838C1E681073003E7D07 /* MIDatePicker.swift in Sources */ = {isa = PBXBuildFile; fileRef = 2653835B1E681073003E7D07 /* MIDatePicker.swift */; };
		2653838D1E681073003E7D07 /* RSKCollectionViewRetractableFirstItemLayout.swift in Sources */ = {isa = PBXBuildFile; fileRef = 2653835C1E681073003E7D07 /* RSKCollectionViewRetractableFirstItemLayout.swift */; };
		2653838E1E681073003E7D07 /* SnakePageControl.swift in Sources */ = {isa = PBXBuildFile; fileRef = 2653835D1E681073003E7D07 /* SnakePageControl.swift */; };
		2653838F1E681073003E7D07 /* TransitionSubmitButton.swift in Sources */ = {isa = PBXBuildFile; fileRef = 2653835E1E681073003E7D07 /* TransitionSubmitButton.swift */; };
		265383901E681073003E7D07 /* knNSDate.swift in Sources */ = {isa = PBXBuildFile; fileRef = 265383601E681073003E7D07 /* knNSDate.swift */; };
		265383911E681073003E7D07 /* knString.swift in Sources */ = {isa = PBXBuildFile; fileRef = 265383611E681073003E7D07 /* knString.swift */; };
		265383921E681073003E7D07 /* knUIApplication.swift in Sources */ = {isa = PBXBuildFile; fileRef = 265383621E681073003E7D07 /* knUIApplication.swift */; };
		265383931E681073003E7D07 /* knUIButton.swift in Sources */ = {isa = PBXBuildFile; fileRef = 265383631E681073003E7D07 /* knUIButton.swift */; };
		265383941E681073003E7D07 /* knUIColor.swift in Sources */ = {isa = PBXBuildFile; fileRef = 265383641E681073003E7D07 /* knUIColor.swift */; };
		265383951E681073003E7D07 /* knUIExtension.swift in Sources */ = {isa = PBXBuildFile; fileRef = 265383651E681073003E7D07 /* knUIExtension.swift */; };
		265383961E681073003E7D07 /* knUIImage.swift in Sources */ = {isa = PBXBuildFile; fileRef = 265383661E681073003E7D07 /* knUIImage.swift */; };
		265383971E681073003E7D07 /* knUINavigationController.swift in Sources */ = {isa = PBXBuildFile; fileRef = 265383671E681073003E7D07 /* knUINavigationController.swift */; };
		265383981E681073003E7D07 /* knUIScrollView.swift in Sources */ = {isa = PBXBuildFile; fileRef = 265383681E681073003E7D07 /* knUIScrollView.swift */; };
		265383991E681073003E7D07 /* knUISearchBar.swift in Sources */ = {isa = PBXBuildFile; fileRef = 265383691E681073003E7D07 /* knUISearchBar.swift */; };
		2653839A1E681073003E7D07 /* knUITableView.swift in Sources */ = {isa = PBXBuildFile; fileRef = 2653836A1E681073003E7D07 /* knUITableView.swift */; };
		2653839B1E681073003E7D07 /* knUITextField.swift in Sources */ = {isa = PBXBuildFile; fileRef = 2653836B1E681073003E7D07 /* knUITextField.swift */; };
		2653839C1E681073003E7D07 /* knUITextView.swift in Sources */ = {isa = PBXBuildFile; fileRef = 2653836C1E681073003E7D07 /* knUITextView.swift */; };
		2653839D1E681073003E7D07 /* knUIView.swift in Sources */ = {isa = PBXBuildFile; fileRef = 2653836D1E681073003E7D07 /* knUIView.swift */; };
		2653839E1E681073003E7D07 /* knUIViewController.swift in Sources */ = {isa = PBXBuildFile; fileRef = 2653836E1E681073003E7D07 /* knUIViewController.swift */; };
		2653839F1E681073003E7D07 /* knScreenSize.swift in Sources */ = {isa = PBXBuildFile; fileRef = 265383701E681073003E7D07 /* knScreenSize.swift */; };
		265383A01E681073003E7D07 /* SafeJsonObject.swift in Sources */ = {isa = PBXBuildFile; fileRef = 265383711E681073003E7D07 /* SafeJsonObject.swift */; };
/* End PBXBuildFile section */

/* Begin PBXFileReference section */
		2653832A1E68102E003E7D07 /* knCollection.app */ = {isa = PBXFileReference; explicitFileType = wrapper.application; includeInIndex = 0; path = knCollection.app; sourceTree = BUILT_PRODUCTS_DIR; };
		2653832D1E68102E003E7D07 /* AppDelegate.swift */ = {isa = PBXFileReference; lastKnownFileType = sourcecode.swift; path = AppDelegate.swift; sourceTree = "<group>"; };
		265383341E68102E003E7D07 /* Assets.xcassets */ = {isa = PBXFileReference; lastKnownFileType = folder.assetcatalog; path = Assets.xcassets; sourceTree = "<group>"; };
		265383391E68102E003E7D07 /* Info.plist */ = {isa = PBXFileReference; lastKnownFileType = text.plist.xml; path = Info.plist; sourceTree = "<group>"; };
		265383411E681073003E7D07 /* DatePickerDialog.swift */ = {isa = PBXFileReference; fileEncoding = 4; lastKnownFileType = sourcecode.swift; path = DatePickerDialog.swift; sourceTree = "<group>"; };
		265383421E681073003E7D07 /* GradientView.swift */ = {isa = PBXFileReference; fileEncoding = 4; lastKnownFileType = sourcecode.swift; path = GradientView.swift; sourceTree = "<group>"; };
		265383431E681073003E7D07 /* KMPlaceholderTextView.swift */ = {isa = PBXFileReference; fileEncoding = 4; lastKnownFileType = sourcecode.swift; path = KMPlaceholderTextView.swift; sourceTree = "<group>"; };
		265383441E681073003E7D07 /* knAnalogClockView.swift */ = {isa = PBXFileReference; fileEncoding = 4; lastKnownFileType = sourcecode.swift; path = knAnalogClockView.swift; sourceTree = "<group>"; };
		265383451E681073003E7D07 /* knAnimationScrollView.swift */ = {isa = PBXFileReference; fileEncoding = 4; lastKnownFileType = sourcecode.swift; path = knAnimationScrollView.swift; sourceTree = "<group>"; };
		265383461E681073003E7D07 /* knBarButtonNumber.swift */ = {isa = PBXFileReference; fileEncoding = 4; lastKnownFileType = sourcecode.swift; path = knBarButtonNumber.swift; sourceTree = "<group>"; };
		265383471E681073003E7D07 /* knButton.swift */ = {isa = PBXFileReference; fileEncoding = 4; lastKnownFileType = sourcecode.swift; path = knButton.swift; sourceTree = "<group>"; };
		265383481E681073003E7D07 /* knCircleCharacterView.swift */ = {isa = PBXFileReference; fileEncoding = 4; lastKnownFileType = sourcecode.swift; path = knCircleCharacterView.swift; sourceTree = "<group>"; };
		265383491E681073003E7D07 /* knCircleProcessView.swift */ = {isa = PBXFileReference; fileEncoding = 4; lastKnownFileType = sourcecode.swift; path = knCircleProcessView.swift; sourceTree = "<group>"; };
		2653834A1E681073003E7D07 /* knCodeView.swift */ = {isa = PBXFileReference; fileEncoding = 4; lastKnownFileType = sourcecode.swift; path = knCodeView.swift; sourceTree = "<group>"; };
		2653834B1E681073003E7D07 /* knContactPicker.swift */ = {isa = PBXFileReference; fileEncoding = 4; lastKnownFileType = sourcecode.swift; path = knContactPicker.swift; sourceTree = "<group>"; };
		2653834C1E681073003E7D07 /* knDotLoadingIndicator.swift */ = {isa = PBXFileReference; fileEncoding = 4; lastKnownFileType = sourcecode.swift; path = knDotLoadingIndicator.swift; sourceTree = "<group>"; };
		2653834D1E681073003E7D07 /* knDraggableViewCollection.swift */ = {isa = PBXFileReference; fileEncoding = 4; lastKnownFileType = sourcecode.swift; path = knDraggableViewCollection.swift; sourceTree = "<group>"; };
		2653834E1E681073003E7D07 /* knExpandTextField.swift */ = {isa = PBXFileReference; fileEncoding = 4; lastKnownFileType = sourcecode.swift; path = knExpandTextField.swift; sourceTree = "<group>"; };
		2653834F1E681073003E7D07 /* knImageSlideShow.swift */ = {isa = PBXFileReference; fileEncoding = 4; lastKnownFileType = sourcecode.swift; path = knImageSlideShow.swift; sourceTree = "<group>"; };
		265383501E681073003E7D07 /* knPageViewController.swift */ = {isa = PBXFileReference; fileEncoding = 4; lastKnownFileType = sourcecode.swift; path = knPageViewController.swift; sourceTree = "<group>"; };
		265383511E681073003E7D07 /* knRippleAnimationView.swift */ = {isa = PBXFileReference; fileEncoding = 4; lastKnownFileType = sourcecode.swift; path = knRippleAnimationView.swift; sourceTree = "<group>"; };
		265383521E681073003E7D07 /* knScrollView.swift */ = {isa = PBXFileReference; fileEncoding = 4; lastKnownFileType = sourcecode.swift; path = knScrollView.swift; sourceTree = "<group>"; };
		265383531E681073003E7D07 /* knShimmerView.swift */ = {isa = PBXFileReference; fileEncoding = 4; lastKnownFileType = sourcecode.swift; path = knShimmerView.swift; sourceTree = "<group>"; };
		265383541E681073003E7D07 /* knStretchingHeaderTableView.swift */ = {isa = PBXFileReference; fileEncoding = 4; lastKnownFileType = sourcecode.swift; path = knStretchingHeaderTableView.swift; sourceTree = "<group>"; };
		265383551E681073003E7D07 /* knTagView.swift */ = {isa = PBXFileReference; fileEncoding = 4; lastKnownFileType = sourcecode.swift; path = knTagView.swift; sourceTree = "<group>"; };
		265383561E681073003E7D07 /* knTransparentTextField.swift */ = {isa = PBXFileReference; fileEncoding = 4; lastKnownFileType = sourcecode.swift; path = knTransparentTextField.swift; sourceTree = "<group>"; };
		265383571E681073003E7D07 /* knTwoCollumnsCollectionViewLayout.swift */ = {isa = PBXFileReference; fileEncoding = 4; lastKnownFileType = sourcecode.swift; path = knTwoCollumnsCollectionViewLayout.swift; sourceTree = "<group>"; };
		265383581E681073003E7D07 /* knUnderlineTextField.swift */ = {isa = PBXFileReference; fileEncoding = 4; lastKnownFileType = sourcecode.swift; path = knUnderlineTextField.swift; sourceTree = "<group>"; };
		265383591E681073003E7D07 /* knViewBase.swift */ = {isa = PBXFileReference; fileEncoding = 4; lastKnownFileType = sourcecode.swift; path = knViewBase.swift; sourceTree = "<group>"; };
		2653835A1E681073003E7D07 /* kStackThreeView.swift */ = {isa = PBXFileReference; fileEncoding = 4; lastKnownFileType = sourcecode.swift; path = kStackThreeView.swift; sourceTree = "<group>"; };
		2653835B1E681073003E7D07 /* MIDatePicker.swift */ = {isa = PBXFileReference; fileEncoding = 4; lastKnownFileType = sourcecode.swift; path = MIDatePicker.swift; sourceTree = "<group>"; };
		2653835C1E681073003E7D07 /* RSKCollectionViewRetractableFirstItemLayout.swift */ = {isa = PBXFileReference; fileEncoding = 4; lastKnownFileType = sourcecode.swift; path = RSKCollectionViewRetractableFirstItemLayout.swift; sourceTree = "<group>"; };
		2653835D1E681073003E7D07 /* SnakePageControl.swift */ = {isa = PBXFileReference; fileEncoding = 4; lastKnownFileType = sourcecode.swift; path = SnakePageControl.swift; sourceTree = "<group>"; };
		2653835E1E681073003E7D07 /* TransitionSubmitButton.swift */ = {isa = PBXFileReference; fileEncoding = 4; lastKnownFileType = sourcecode.swift; path = TransitionSubmitButton.swift; sourceTree = "<group>"; };
		265383601E681073003E7D07 /* knNSDate.swift */ = {isa = PBXFileReference; fileEncoding = 4; lastKnownFileType = sourcecode.swift; path = knNSDate.swift; sourceTree = "<group>"; };
		265383611E681073003E7D07 /* knString.swift */ = {isa = PBXFileReference; fileEncoding = 4; lastKnownFileType = sourcecode.swift; path = knString.swift; sourceTree = "<group>"; };
		265383621E681073003E7D07 /* knUIApplication.swift */ = {isa = PBXFileReference; fileEncoding = 4; lastKnownFileType = sourcecode.swift; path = knUIApplication.swift; sourceTree = "<group>"; };
		265383631E681073003E7D07 /* knUIButton.swift */ = {isa = PBXFileReference; fileEncoding = 4; lastKnownFileType = sourcecode.swift; path = knUIButton.swift; sourceTree = "<group>"; };
		265383641E681073003E7D07 /* knUIColor.swift */ = {isa = PBXFileReference; fileEncoding = 4; lastKnownFileType = sourcecode.swift; path = knUIColor.swift; sourceTree = "<group>"; };
		265383651E681073003E7D07 /* knUIExtension.swift */ = {isa = PBXFileReference; fileEncoding = 4; lastKnownFileType = sourcecode.swift; path = knUIExtension.swift; sourceTree = "<group>"; };
		265383661E681073003E7D07 /* knUIImage.swift */ = {isa = PBXFileReference; fileEncoding = 4; lastKnownFileType = sourcecode.swift; path = knUIImage.swift; sourceTree = "<group>"; };
		265383671E681073003E7D07 /* knUINavigationController.swift */ = {isa = PBXFileReference; fileEncoding = 4; lastKnownFileType = sourcecode.swift; path = knUINavigationController.swift; sourceTree = "<group>"; };
		265383681E681073003E7D07 /* knUIScrollView.swift */ = {isa = PBXFileReference; fileEncoding = 4; lastKnownFileType = sourcecode.swift; path = knUIScrollView.swift; sourceTree = "<group>"; };
		265383691E681073003E7D07 /* knUISearchBar.swift */ = {isa = PBXFileReference; fileEncoding = 4; lastKnownFileType = sourcecode.swift; path = knUISearchBar.swift; sourceTree = "<group>"; };
		2653836A1E681073003E7D07 /* knUITableView.swift */ = {isa = PBXFileReference; fileEncoding = 4; lastKnownFileType = sourcecode.swift; path = knUITableView.swift; sourceTree = "<group>"; };
		2653836B1E681073003E7D07 /* knUITextField.swift */ = {isa = PBXFileReference; fileEncoding = 4; lastKnownFileType = sourcecode.swift; path = knUITextField.swift; sourceTree = "<group>"; };
		2653836C1E681073003E7D07 /* knUITextView.swift */ = {isa = PBXFileReference; fileEncoding = 4; lastKnownFileType = sourcecode.swift; path = knUITextView.swift; sourceTree = "<group>"; };
		2653836D1E681073003E7D07 /* knUIView.swift */ = {isa = PBXFileReference; fileEncoding = 4; lastKnownFileType = sourcecode.swift; path = knUIView.swift; sourceTree = "<group>"; };
		2653836E1E681073003E7D07 /* knUIViewController.swift */ = {isa = PBXFileReference; fileEncoding = 4; lastKnownFileType = sourcecode.swift; path = knUIViewController.swift; sourceTree = "<group>"; };
		265383701E681073003E7D07 /* knScreenSize.swift */ = {isa = PBXFileReference; fileEncoding = 4; lastKnownFileType = sourcecode.swift; path = knScreenSize.swift; sourceTree = "<group>"; };
		265383711E681073003E7D07 /* SafeJsonObject.swift */ = {isa = PBXFileReference; fileEncoding = 4; lastKnownFileType = sourcecode.swift; path = SafeJsonObject.swift; sourceTree = "<group>"; };
/* End PBXFileReference section */

/* Begin PBXFrameworksBuildPhase section */
		265383271E68102E003E7D07 /* Frameworks */ = {
			isa = PBXFrameworksBuildPhase;
			buildActionMask = 2147483647;
			files = (
			);
			runOnlyForDeploymentPostprocessing = 0;
		};
/* End PBXFrameworksBuildPhase section */

/* Begin PBXGroup section */
		265383211E68102E003E7D07 = {
			isa = PBXGroup;
			children = (
				2653832C1E68102E003E7D07 /* knCollection */,
				2653832B1E68102E003E7D07 /* Products */,
			);
			sourceTree = "<group>";
		};
		2653832B1E68102E003E7D07 /* Products */ = {
			isa = PBXGroup;
			children = (
				2653832A1E68102E003E7D07 /* knCollection.app */,
			);
			name = Products;
			sourceTree = "<group>";
		};
		2653832C1E68102E003E7D07 /* knCollection */ = {
			isa = PBXGroup;
			children = (
				265383401E681073003E7D07 /* Control */,
				2653835F1E681073003E7D07 /* Extension */,
				2653836F1E681073003E7D07 /* Setting */,
				2653833F1E681056003E7D07 /* Unused */,
			);
			path = knCollection;
			sourceTree = "<group>";
		};
		2653833F1E681056003E7D07 /* Unused */ = {
			isa = PBXGroup;
			children = (
				2653832D1E68102E003E7D07 /* AppDelegate.swift */,
				265383341E68102E003E7D07 /* Assets.xcassets */,
				265383391E68102E003E7D07 /* Info.plist */,
			);
			name = Unused;
			sourceTree = "<group>";
		};
		265383401E681073003E7D07 /* Control */ = {
			isa = PBXGroup;
			children = (
				265383411E681073003E7D07 /* DatePickerDialog.swift */,
				265383421E681073003E7D07 /* GradientView.swift */,
				265383431E681073003E7D07 /* KMPlaceholderTextView.swift */,
				265383441E681073003E7D07 /* knAnalogClockView.swift */,
				265383451E681073003E7D07 /* knAnimationScrollView.swift */,
				265383461E681073003E7D07 /* knBarButtonNumber.swift */,
				265383471E681073003E7D07 /* knButton.swift */,
				265383481E681073003E7D07 /* knCircleCharacterView.swift */,
				265383491E681073003E7D07 /* knCircleProcessView.swift */,
				2653834A1E681073003E7D07 /* knCodeView.swift */,
				2653834B1E681073003E7D07 /* knContactPicker.swift */,
				2653834C1E681073003E7D07 /* knDotLoadingIndicator.swift */,
				2653834D1E681073003E7D07 /* knDraggableViewCollection.swift */,
				2653834E1E681073003E7D07 /* knExpandTextField.swift */,
				2653834F1E681073003E7D07 /* knImageSlideShow.swift */,
				265383501E681073003E7D07 /* knPageViewController.swift */,
				265383511E681073003E7D07 /* knRippleAnimationView.swift */,
				265383521E681073003E7D07 /* knScrollView.swift */,
				265383531E681073003E7D07 /* knShimmerView.swift */,
				265383541E681073003E7D07 /* knStretchingHeaderTableView.swift */,
				265383551E681073003E7D07 /* knTagView.swift */,
				265383561E681073003E7D07 /* knTransparentTextField.swift */,
				265383571E681073003E7D07 /* knTwoCollumnsCollectionViewLayout.swift */,
				265383581E681073003E7D07 /* knUnderlineTextField.swift */,
				265383591E681073003E7D07 /* knViewBase.swift */,
				2653835A1E681073003E7D07 /* kStackThreeView.swift */,
				2653835B1E681073003E7D07 /* MIDatePicker.swift */,
				2653835C1E681073003E7D07 /* RSKCollectionViewRetractableFirstItemLayout.swift */,
				2653835D1E681073003E7D07 /* SnakePageControl.swift */,
				2653835E1E681073003E7D07 /* TransitionSubmitButton.swift */,
			);
			path = Control;
			sourceTree = "<group>";
		};
		2653835F1E681073003E7D07 /* Extension */ = {
			isa = PBXGroup;
			children = (
				265383601E681073003E7D07 /* knNSDate.swift */,
				265383611E681073003E7D07 /* knString.swift */,
				265383621E681073003E7D07 /* knUIApplication.swift */,
				265383631E681073003E7D07 /* knUIButton.swift */,
				265383641E681073003E7D07 /* knUIColor.swift */,
				265383651E681073003E7D07 /* knUIExtension.swift */,
				265383661E681073003E7D07 /* knUIImage.swift */,
				265383671E681073003E7D07 /* knUINavigationController.swift */,
				265383681E681073003E7D07 /* knUIScrollView.swift */,
				265383691E681073003E7D07 /* knUISearchBar.swift */,
				2653836A1E681073003E7D07 /* knUITableView.swift */,
				2653836B1E681073003E7D07 /* knUITextField.swift */,
				2653836C1E681073003E7D07 /* knUITextView.swift */,
				2653836D1E681073003E7D07 /* knUIView.swift */,
				2653836E1E681073003E7D07 /* knUIViewController.swift */,
			);
			path = Extension;
			sourceTree = "<group>";
		};
		2653836F1E681073003E7D07 /* Setting */ = {
			isa = PBXGroup;
			children = (
				265383701E681073003E7D07 /* knScreenSize.swift */,
				265383711E681073003E7D07 /* SafeJsonObject.swift */,
			);
			name = Setting;
			path = SupportedOption;
			sourceTree = "<group>";
		};
/* End PBXGroup section */

/* Begin PBXNativeTarget section */
		265383291E68102E003E7D07 /* knCollection */ = {
			isa = PBXNativeTarget;
			buildConfigurationList = 2653833C1E68102E003E7D07 /* Build configuration list for PBXNativeTarget "knCollection" */;
			buildPhases = (
				265383261E68102E003E7D07 /* Sources */,
				265383271E68102E003E7D07 /* Frameworks */,
				265383281E68102E003E7D07 /* Resources */,
			);
			buildRules = (
			);
			dependencies = (
			);
			name = knCollection;
			productName = knCollection;
			productReference = 2653832A1E68102E003E7D07 /* knCollection.app */;
			productType = "com.apple.product-type.application";
		};
/* End PBXNativeTarget section */

/* Begin PBXProject section */
		265383221E68102E003E7D07 /* Project object */ = {
			isa = PBXProject;
			attributes = {
				LastSwiftUpdateCheck = 0820;
				LastUpgradeCheck = 0820;
				ORGANIZATIONNAME = "Ky Nguyen";
				TargetAttributes = {
					265383291E68102E003E7D07 = {
						CreatedOnToolsVersion = 8.2.1;
						DevelopmentTeam = YM62LBZ4XN;
						ProvisioningStyle = Automatic;
					};
				};
			};
			buildConfigurationList = 265383251E68102E003E7D07 /* Build configuration list for PBXProject "knCollection" */;
			compatibilityVersion = "Xcode 3.2";
			developmentRegion = English;
			hasScannedForEncodings = 0;
			knownRegions = (
				en,
				Base,
			);
			mainGroup = 265383211E68102E003E7D07;
			productRefGroup = 2653832B1E68102E003E7D07 /* Products */;
			projectDirPath = "";
			projectRoot = "";
			targets = (
				265383291E68102E003E7D07 /* knCollection */,
			);
		};
/* End PBXProject section */

/* Begin PBXResourcesBuildPhase section */
		265383281E68102E003E7D07 /* Resources */ = {
			isa = PBXResourcesBuildPhase;
			buildActionMask = 2147483647;
			files = (
				265383351E68102E003E7D07 /* Assets.xcassets in Resources */,
			);
			runOnlyForDeploymentPostprocessing = 0;
		};
/* End PBXResourcesBuildPhase section */

/* Begin PBXSourcesBuildPhase section */
		265383261E68102E003E7D07 /* Sources */ = {
			isa = PBXSourcesBuildPhase;
			buildActionMask = 2147483647;
			files = (
				2653839A1E681073003E7D07 /* knUITableView.swift in Sources */,
				265383961E681073003E7D07 /* knUIImage.swift in Sources */,
				265383821E681073003E7D07 /* knRippleAnimationView.swift in Sources */,
				265383931E681073003E7D07 /* knUIButton.swift in Sources */,
				265383901E681073003E7D07 /* knNSDate.swift in Sources */,
				265383851E681073003E7D07 /* knStretchingHeaderTableView.swift in Sources */,
				265383941E681073003E7D07 /* knUIColor.swift in Sources */,
				265383811E681073003E7D07 /* knPageViewController.swift in Sources */,
				265383751E681073003E7D07 /* knAnalogClockView.swift in Sources */,
				2653837A1E681073003E7D07 /* knCircleProcessView.swift in Sources */,
				2653832E1E68102E003E7D07 /* AppDelegate.swift in Sources */,
				2653837B1E681073003E7D07 /* knCodeView.swift in Sources */,
				265383741E681073003E7D07 /* KMPlaceholderTextView.swift in Sources */,
				265383871E681073003E7D07 /* knTransparentTextField.swift in Sources */,
				265383831E681073003E7D07 /* knScrollView.swift in Sources */,
				2653839E1E681073003E7D07 /* knUIViewController.swift in Sources */,
				265383921E681073003E7D07 /* knUIApplication.swift in Sources */,
				2653839F1E681073003E7D07 /* knScreenSize.swift in Sources */,
				2653838A1E681073003E7D07 /* knViewBase.swift in Sources */,
				2653838C1E681073003E7D07 /* MIDatePicker.swift in Sources */,
				2653837D1E681073003E7D07 /* knDotLoadingIndicator.swift in Sources */,
				265383911E681073003E7D07 /* knString.swift in Sources */,
				2653839C1E681073003E7D07 /* knUITextView.swift in Sources */,
				265383721E681073003E7D07 /* DatePickerDialog.swift in Sources */,
				265383791E681073003E7D07 /* knCircleCharacterView.swift in Sources */,
				2653837F1E681073003E7D07 /* knExpandTextField.swift in Sources */,
				265383731E681073003E7D07 /* GradientView.swift in Sources */,
				265383771E681073003E7D07 /* knBarButtonNumber.swift in Sources */,
				265383781E681073003E7D07 /* knButton.swift in Sources */,
				265383991E681073003E7D07 /* knUISearchBar.swift in Sources */,
				2653839D1E681073003E7D07 /* knUIView.swift in Sources */,
				2653837E1E681073003E7D07 /* knDraggableViewCollection.swift in Sources */,
				2653838D1E681073003E7D07 /* RSKCollectionViewRetractableFirstItemLayout.swift in Sources */,
				265383761E681073003E7D07 /* knAnimationScrollView.swift in Sources */,
				2653838B1E681073003E7D07 /* kStackThreeView.swift in Sources */,
				265383971E681073003E7D07 /* knUINavigationController.swift in Sources */,
				2653837C1E681073003E7D07 /* knContactPicker.swift in Sources */,
				265383891E681073003E7D07 /* knUnderlineTextField.swift in Sources */,
				265383981E681073003E7D07 /* knUIScrollView.swift in Sources */,
				265383951E681073003E7D07 /* knUIExtension.swift in Sources */,
				265383801E681073003E7D07 /* knImageSlideShow.swift in Sources */,
				265383861E681073003E7D07 /* knTagView.swift in Sources */,
				265383841E681073003E7D07 /* knShimmerView.swift in Sources */,
				2653838F1E681073003E7D07 /* TransitionSubmitButton.swift in Sources */,
				265383881E681073003E7D07 /* knTwoCollumnsCollectionViewLayout.swift in Sources */,
				2653839B1E681073003E7D07 /* knUITextField.swift in Sources */,
				2653838E1E681073003E7D07 /* SnakePageControl.swift in Sources */,
				265383A01E681073003E7D07 /* SafeJsonObject.swift in Sources */,
			);
			runOnlyForDeploymentPostprocessing = 0;
		};
/* End PBXSourcesBuildPhase section */

/* Begin XCBuildConfiguration section */
		2653833A1E68102E003E7D07 /* Debug */ = {
			isa = XCBuildConfiguration;
			buildSettings = {
				ALWAYS_SEARCH_USER_PATHS = NO;
				CLANG_ANALYZER_NONNULL = YES;
				CLANG_CXX_LANGUAGE_STANDARD = "gnu++0x";
				CLANG_CXX_LIBRARY = "libc++";
				CLANG_ENABLE_MODULES = YES;
				CLANG_ENABLE_OBJC_ARC = YES;
				CLANG_WARN_BOOL_CONVERSION = YES;
				CLANG_WARN_CONSTANT_CONVERSION = YES;
				CLANG_WARN_DIRECT_OBJC_ISA_USAGE = YES_ERROR;
				CLANG_WARN_DOCUMENTATION_COMMENTS = YES;
				CLANG_WARN_EMPTY_BODY = YES;
				CLANG_WARN_ENUM_CONVERSION = YES;
				CLANG_WARN_INFINITE_RECURSION = YES;
				CLANG_WARN_INT_CONVERSION = YES;
				CLANG_WARN_OBJC_ROOT_CLASS = YES_ERROR;
				CLANG_WARN_SUSPICIOUS_MOVE = YES;
				CLANG_WARN_UNREACHABLE_CODE = YES;
				CLANG_WARN__DUPLICATE_METHOD_MATCH = YES;
				"CODE_SIGN_IDENTITY[sdk=iphoneos*]" = "iPhone Developer";
				COPY_PHASE_STRIP = NO;
				DEBUG_INFORMATION_FORMAT = dwarf;
				ENABLE_STRICT_OBJC_MSGSEND = YES;
				ENABLE_TESTABILITY = YES;
				GCC_C_LANGUAGE_STANDARD = gnu99;
				GCC_DYNAMIC_NO_PIC = NO;
				GCC_NO_COMMON_BLOCKS = YES;
				GCC_OPTIMIZATION_LEVEL = 0;
				GCC_PREPROCESSOR_DEFINITIONS = (
					"DEBUG=1",
					"$(inherited)",
				);
				GCC_WARN_64_TO_32_BIT_CONVERSION = YES;
				GCC_WARN_ABOUT_RETURN_TYPE = YES_ERROR;
				GCC_WARN_UNDECLARED_SELECTOR = YES;
				GCC_WARN_UNINITIALIZED_AUTOS = YES_AGGRESSIVE;
				GCC_WARN_UNUSED_FUNCTION = YES;
				GCC_WARN_UNUSED_VARIABLE = YES;
				IPHONEOS_DEPLOYMENT_TARGET = 10.2;
				MTL_ENABLE_DEBUG_INFO = YES;
				ONLY_ACTIVE_ARCH = YES;
				SDKROOT = iphoneos;
				SWIFT_ACTIVE_COMPILATION_CONDITIONS = DEBUG;
				SWIFT_OPTIMIZATION_LEVEL = "-Onone";
			};
			name = Debug;
		};
		2653833B1E68102E003E7D07 /* Release */ = {
			isa = XCBuildConfiguration;
			buildSettings = {
				ALWAYS_SEARCH_USER_PATHS = NO;
				CLANG_ANALYZER_NONNULL = YES;
				CLANG_CXX_LANGUAGE_STANDARD = "gnu++0x";
				CLANG_CXX_LIBRARY = "libc++";
				CLANG_ENABLE_MODULES = YES;
				CLANG_ENABLE_OBJC_ARC = YES;
				CLANG_WARN_BOOL_CONVERSION = YES;
				CLANG_WARN_CONSTANT_CONVERSION = YES;
				CLANG_WARN_DIRECT_OBJC_ISA_USAGE = YES_ERROR;
				CLANG_WARN_DOCUMENTATION_COMMENTS = YES;
				CLANG_WARN_EMPTY_BODY = YES;
				CLANG_WARN_ENUM_CONVERSION = YES;
				CLANG_WARN_INFINITE_RECURSION = YES;
				CLANG_WARN_INT_CONVERSION = YES;
				CLANG_WARN_OBJC_ROOT_CLASS = YES_ERROR;
				CLANG_WARN_SUSPICIOUS_MOVE = YES;
				CLANG_WARN_UNREACHABLE_CODE = YES;
				CLANG_WARN__DUPLICATE_METHOD_MATCH = YES;
				"CODE_SIGN_IDENTITY[sdk=iphoneos*]" = "iPhone Developer";
				COPY_PHASE_STRIP = NO;
				DEBUG_INFORMATION_FORMAT = "dwarf-with-dsym";
				ENABLE_NS_ASSERTIONS = NO;
				ENABLE_STRICT_OBJC_MSGSEND = YES;
				GCC_C_LANGUAGE_STANDARD = gnu99;
				GCC_NO_COMMON_BLOCKS = YES;
				GCC_WARN_64_TO_32_BIT_CONVERSION = YES;
				GCC_WARN_ABOUT_RETURN_TYPE = YES_ERROR;
				GCC_WARN_UNDECLARED_SELECTOR = YES;
				GCC_WARN_UNINITIALIZED_AUTOS = YES_AGGRESSIVE;
				GCC_WARN_UNUSED_FUNCTION = YES;
				GCC_WARN_UNUSED_VARIABLE = YES;
				IPHONEOS_DEPLOYMENT_TARGET = 10.2;
				MTL_ENABLE_DEBUG_INFO = NO;
				SDKROOT = iphoneos;
				SWIFT_OPTIMIZATION_LEVEL = "-Owholemodule";
				VALIDATE_PRODUCT = YES;
			};
			name = Release;
		};
		2653833D1E68102E003E7D07 /* Debug */ = {
			isa = XCBuildConfiguration;
			buildSettings = {
				ASSETCATALOG_COMPILER_APPICON_NAME = AppIcon;
				DEVELOPMENT_TEAM = YM62LBZ4XN;
				INFOPLIST_FILE = knCollection/Info.plist;
				LD_RUNPATH_SEARCH_PATHS = "$(inherited) @executable_path/Frameworks";
				PRODUCT_BUNDLE_IDENTIFIER = kn.knCollection;
				PRODUCT_NAME = "$(TARGET_NAME)";
				SWIFT_VERSION = 3.0;
			};
			name = Debug;
		};
		2653833E1E68102E003E7D07 /* Release */ = {
			isa = XCBuildConfiguration;
			buildSettings = {
				ASSETCATALOG_COMPILER_APPICON_NAME = AppIcon;
				DEVELOPMENT_TEAM = YM62LBZ4XN;
				INFOPLIST_FILE = knCollection/Info.plist;
				LD_RUNPATH_SEARCH_PATHS = "$(inherited) @executable_path/Frameworks";
				PRODUCT_BUNDLE_IDENTIFIER = kn.knCollection;
				PRODUCT_NAME = "$(TARGET_NAME)";
				SWIFT_VERSION = 3.0;
			};
			name = Release;
		};
/* End XCBuildConfiguration section */

/* Begin XCConfigurationList section */
		265383251E68102E003E7D07 /* Build configuration list for PBXProject "knCollection" */ = {
			isa = XCConfigurationList;
			buildConfigurations = (
				2653833A1E68102E003E7D07 /* Debug */,
				2653833B1E68102E003E7D07 /* Release */,
			);
			defaultConfigurationIsVisible = 0;
			defaultConfigurationName = Release;
		};
		2653833C1E68102E003E7D07 /* Build configuration list for PBXNativeTarget "knCollection" */ = {
			isa = XCConfigurationList;
			buildConfigurations = (
				2653833D1E68102E003E7D07 /* Debug */,
				2653833E1E68102E003E7D07 /* Release */,
			);
			defaultConfigurationIsVisible = 0;
		};
/* End XCConfigurationList section */
	};
	rootObject = 265383221E68102E003E7D07 /* Project object */;
}
